// !$*UTF8*$!
{
	archiveVersion = 1;
	classes = {
	};
	objectVersion = 50;
	objects = {

/* Begin PBXBuildFile section */
		2E1009DF24DB4ED800B322B4 /* Pin.swift in Sources */ = {isa = PBXBuildFile; fileRef = 2E1009DE24DB4ED800B322B4 /* Pin.swift */; };
		DB716D4924DB46DE005D4600 /* Player.swift in Sources */ = {isa = PBXBuildFile; fileRef = DB716D4824DB46DE005D4600 /* Player.swift */; };
		DBFF014D24DB3DAB00890ADC /* AppDelegate.swift in Sources */ = {isa = PBXBuildFile; fileRef = DBFF014C24DB3DAB00890ADC /* AppDelegate.swift */; };
		DBFF015324DB3DAB00890ADC /* GameScene.swift in Sources */ = {isa = PBXBuildFile; fileRef = DBFF015224DB3DAB00890ADC /* GameScene.swift */; };
		DBFF015524DB3DAB00890ADC /* GameViewController.swift in Sources */ = {isa = PBXBuildFile; fileRef = DBFF015424DB3DAB00890ADC /* GameViewController.swift */; };
		DBFF015824DB3DAB00890ADC /* Main.storyboard in Resources */ = {isa = PBXBuildFile; fileRef = DBFF015624DB3DAB00890ADC /* Main.storyboard */; };
		DBFF015A24DB3DAE00890ADC /* Assets.xcassets in Resources */ = {isa = PBXBuildFile; fileRef = DBFF015924DB3DAE00890ADC /* Assets.xcassets */; };
		DBFF015D24DB3DAE00890ADC /* LaunchScreen.storyboard in Resources */ = {isa = PBXBuildFile; fileRef = DBFF015B24DB3DAE00890ADC /* LaunchScreen.storyboard */; };
		DBFF017024DB3E4400890ADC /* ExtensionsGestureActions.swift in Sources */ = {isa = PBXBuildFile; fileRef = DBFF016624DB3E4400890ADC /* ExtensionsGestureActions.swift */; };
		DBFF017124DB3E4400890ADC /* ExtensionsSKAction.swift in Sources */ = {isa = PBXBuildFile; fileRef = DBFF016724DB3E4400890ADC /* ExtensionsSKAction.swift */; };
		DBFF017224DB3E4400890ADC /* HandledGestureSKScene.swift in Sources */ = {isa = PBXBuildFile; fileRef = DBFF016924DB3E4400890ADC /* HandledGestureSKScene.swift */; };
		DBFF017324DB3E4400890ADC /* ProtocolsGestureActions.swift in Sources */ = {isa = PBXBuildFile; fileRef = DBFF016A24DB3E4400890ADC /* ProtocolsGestureActions.swift */; };
		DBFF017424DB3E4400890ADC /* SKManageableImageNode.swift in Sources */ = {isa = PBXBuildFile; fileRef = DBFF016C24DB3E4400890ADC /* SKManageableImageNode.swift */; };
		DBFF017524DB3E4400890ADC /* SKMoulding.swift in Sources */ = {isa = PBXBuildFile; fileRef = DBFF016D24DB3E4400890ADC /* SKMoulding.swift */; };
		DBFF017624DB3E4400890ADC /* SKMyCircle.swift in Sources */ = {isa = PBXBuildFile; fileRef = DBFF016E24DB3E4400890ADC /* SKMyCircle.swift */; };
		DBFF017724DB3E4400890ADC /* SKSquare.swift in Sources */ = {isa = PBXBuildFile; fileRef = DBFF016F24DB3E4400890ADC /* SKSquare.swift */; };
		DBFF017B24DB3E9F00890ADC /* CodableExtensions.swift in Sources */ = {isa = PBXBuildFile; fileRef = DBFF017A24DB3E9F00890ADC /* CodableExtensions.swift */; };
/* End PBXBuildFile section */

/* Begin PBXFileReference section */
		2E1009DE24DB4ED800B322B4 /* Pin.swift */ = {isa = PBXFileReference; lastKnownFileType = sourcecode.swift; path = Pin.swift; sourceTree = "<group>"; };
		DB716D4824DB46DE005D4600 /* Player.swift */ = {isa = PBXFileReference; lastKnownFileType = sourcecode.swift; path = Player.swift; sourceTree = "<group>"; };
		DBFF014924DB3DAB00890ADC /* InvasaoAlienigena.app */ = {isa = PBXFileReference; explicitFileType = wrapper.application; includeInIndex = 0; path = InvasaoAlienigena.app; sourceTree = BUILT_PRODUCTS_DIR; };
		DBFF014C24DB3DAB00890ADC /* AppDelegate.swift */ = {isa = PBXFileReference; lastKnownFileType = sourcecode.swift; path = AppDelegate.swift; sourceTree = "<group>"; };
		DBFF015224DB3DAB00890ADC /* GameScene.swift */ = {isa = PBXFileReference; lastKnownFileType = sourcecode.swift; path = GameScene.swift; sourceTree = "<group>"; };
		DBFF015424DB3DAB00890ADC /* GameViewController.swift */ = {isa = PBXFileReference; lastKnownFileType = sourcecode.swift; path = GameViewController.swift; sourceTree = "<group>"; };
		DBFF015724DB3DAB00890ADC /* Base */ = {isa = PBXFileReference; lastKnownFileType = file.storyboard; name = Base; path = Base.lproj/Main.storyboard; sourceTree = "<group>"; };
		DBFF015924DB3DAE00890ADC /* Assets.xcassets */ = {isa = PBXFileReference; lastKnownFileType = folder.assetcatalog; path = Assets.xcassets; sourceTree = "<group>"; };
		DBFF015C24DB3DAE00890ADC /* Base */ = {isa = PBXFileReference; lastKnownFileType = file.storyboard; name = Base; path = Base.lproj/LaunchScreen.storyboard; sourceTree = "<group>"; };
		DBFF015E24DB3DAE00890ADC /* Info.plist */ = {isa = PBXFileReference; lastKnownFileType = text.plist.xml; path = Info.plist; sourceTree = "<group>"; };
		DBFF016624DB3E4400890ADC /* ExtensionsGestureActions.swift */ = {isa = PBXFileReference; fileEncoding = 4; lastKnownFileType = sourcecode.swift; path = ExtensionsGestureActions.swift; sourceTree = "<group>"; };
		DBFF016724DB3E4400890ADC /* ExtensionsSKAction.swift */ = {isa = PBXFileReference; fileEncoding = 4; lastKnownFileType = sourcecode.swift; path = ExtensionsSKAction.swift; sourceTree = "<group>"; };
		DBFF016924DB3E4400890ADC /* HandledGestureSKScene.swift */ = {isa = PBXFileReference; fileEncoding = 4; lastKnownFileType = sourcecode.swift; path = HandledGestureSKScene.swift; sourceTree = "<group>"; };
		DBFF016A24DB3E4400890ADC /* ProtocolsGestureActions.swift */ = {isa = PBXFileReference; fileEncoding = 4; lastKnownFileType = sourcecode.swift; path = ProtocolsGestureActions.swift; sourceTree = "<group>"; };
		DBFF016C24DB3E4400890ADC /* SKManageableImageNode.swift */ = {isa = PBXFileReference; fileEncoding = 4; lastKnownFileType = sourcecode.swift; path = SKManageableImageNode.swift; sourceTree = "<group>"; };
		DBFF016D24DB3E4400890ADC /* SKMoulding.swift */ = {isa = PBXFileReference; fileEncoding = 4; lastKnownFileType = sourcecode.swift; path = SKMoulding.swift; sourceTree = "<group>"; };
		DBFF016E24DB3E4400890ADC /* SKMyCircle.swift */ = {isa = PBXFileReference; fileEncoding = 4; lastKnownFileType = sourcecode.swift; path = SKMyCircle.swift; sourceTree = "<group>"; };
		DBFF016F24DB3E4400890ADC /* SKSquare.swift */ = {isa = PBXFileReference; fileEncoding = 4; lastKnownFileType = sourcecode.swift; path = SKSquare.swift; sourceTree = "<group>"; };
		DBFF017A24DB3E9F00890ADC /* CodableExtensions.swift */ = {isa = PBXFileReference; fileEncoding = 4; lastKnownFileType = sourcecode.swift; path = CodableExtensions.swift; sourceTree = "<group>"; };
/* End PBXFileReference section */

/* Begin PBXFrameworksBuildPhase section */
		DBFF014624DB3DAB00890ADC /* Frameworks */ = {
			isa = PBXFrameworksBuildPhase;
			buildActionMask = 2147483647;
			files = (
			);
			runOnlyForDeploymentPostprocessing = 0;
		};
/* End PBXFrameworksBuildPhase section */

/* Begin PBXGroup section */
		DBFF014024DB3DAB00890ADC = {
			isa = PBXGroup;
			children = (
				DBFF014B24DB3DAB00890ADC /* InvasaoAlienigena */,
				DBFF014A24DB3DAB00890ADC /* Products */,
			);
			sourceTree = "<group>";
		};
		DBFF014A24DB3DAB00890ADC /* Products */ = {
			isa = PBXGroup;
			children = (
				DBFF014924DB3DAB00890ADC /* InvasaoAlienigena.app */,
			);
			name = Products;
			sourceTree = "<group>";
		};
		DBFF014B24DB3DAB00890ADC /* InvasaoAlienigena */ = {
			isa = PBXGroup;
			children = (
				DBFF014C24DB3DAB00890ADC /* AppDelegate.swift */,
				DBFF017824DB3E4B00890ADC /* Model */,
				DBFF016424DB3E4400890ADC /* View */,
				DBFF017924DB3E5600890ADC /* Controller */,
				DBFF015924DB3DAE00890ADC /* Assets.xcassets */,
				DBFF017A24DB3E9F00890ADC /* CodableExtensions.swift */,
				DBFF015E24DB3DAE00890ADC /* Info.plist */,
			);
			path = InvasaoAlienigena;
			sourceTree = "<group>";
		};
		DBFF016424DB3E4400890ADC /* View */ = {
			isa = PBXGroup;
			children = (
				DBFF015624DB3DAB00890ADC /* Main.storyboard */,
				DBFF015B24DB3DAE00890ADC /* LaunchScreen.storyboard */,
				DBFF015224DB3DAB00890ADC /* GameScene.swift */,
				DBFF016524DB3E4400890ADC /* GestureManagement */,
				DBFF016B24DB3E4400890ADC /* SKElements */,
			);
			path = View;
			sourceTree = "<group>";
		};
		DBFF016524DB3E4400890ADC /* GestureManagement */ = {
			isa = PBXGroup;
			children = (
				DBFF016624DB3E4400890ADC /* ExtensionsGestureActions.swift */,
				DBFF016724DB3E4400890ADC /* ExtensionsSKAction.swift */,
				DBFF016824DB3E4400890ADC /* Easebling Superclasse */,
				DBFF016A24DB3E4400890ADC /* ProtocolsGestureActions.swift */,
			);
			path = GestureManagement;
			sourceTree = "<group>";
		};
		DBFF016824DB3E4400890ADC /* Easebling Superclasse */ = {
			isa = PBXGroup;
			children = (
				DBFF016924DB3E4400890ADC /* HandledGestureSKScene.swift */,
			);
			path = "Easebling Superclasse";
			sourceTree = "<group>";
		};
		DBFF016B24DB3E4400890ADC /* SKElements */ = {
			isa = PBXGroup;
			children = (
				DBFF016C24DB3E4400890ADC /* SKManageableImageNode.swift */,
				DBFF016D24DB3E4400890ADC /* SKMoulding.swift */,
				DBFF016E24DB3E4400890ADC /* SKMyCircle.swift */,
				DBFF016F24DB3E4400890ADC /* SKSquare.swift */,
			);
			path = SKElements;
			sourceTree = "<group>";
		};
		DBFF017824DB3E4B00890ADC /* Model */ = {
			isa = PBXGroup;
			children = (
				DB716D4824DB46DE005D4600 /* Player.swift */,
				2E1009DE24DB4ED800B322B4 /* Pin.swift */,
			);
			path = Model;
			sourceTree = "<group>";
		};
		DBFF017924DB3E5600890ADC /* Controller */ = {
			isa = PBXGroup;
			children = (
				DBFF015424DB3DAB00890ADC /* GameViewController.swift */,
			);
			path = Controller;
			sourceTree = "<group>";
		};
/* End PBXGroup section */

/* Begin PBXNativeTarget section */
		DBFF014824DB3DAB00890ADC /* InvasaoAlienigena */ = {
			isa = PBXNativeTarget;
			buildConfigurationList = DBFF016124DB3DAE00890ADC /* Build configuration list for PBXNativeTarget "InvasaoAlienigena" */;
			buildPhases = (
				DBFF014524DB3DAB00890ADC /* Sources */,
				DBFF014624DB3DAB00890ADC /* Frameworks */,
				DBFF014724DB3DAB00890ADC /* Resources */,
			);
			buildRules = (
			);
			dependencies = (
			);
			name = InvasaoAlienigena;
			productName = InvasaoAlienigena;
			productReference = DBFF014924DB3DAB00890ADC /* InvasaoAlienigena.app */;
			productType = "com.apple.product-type.application";
		};
/* End PBXNativeTarget section */

/* Begin PBXProject section */
		DBFF014124DB3DAB00890ADC /* Project object */ = {
			isa = PBXProject;
			attributes = {
				LastSwiftUpdateCheck = 1160;
				LastUpgradeCheck = 1160;
				ORGANIZATIONNAME = "Juliana Prado";
				TargetAttributes = {
					DBFF014824DB3DAB00890ADC = {
						CreatedOnToolsVersion = 11.6;
					};
				};
			};
			buildConfigurationList = DBFF014424DB3DAB00890ADC /* Build configuration list for PBXProject "InvasaoAlienigena" */;
			compatibilityVersion = "Xcode 9.3";
			developmentRegion = en;
			hasScannedForEncodings = 0;
			knownRegions = (
				en,
				Base,
			);
			mainGroup = DBFF014024DB3DAB00890ADC;
			productRefGroup = DBFF014A24DB3DAB00890ADC /* Products */;
			projectDirPath = "";
			projectRoot = "";
			targets = (
				DBFF014824DB3DAB00890ADC /* InvasaoAlienigena */,
			);
		};
/* End PBXProject section */

/* Begin PBXResourcesBuildPhase section */
		DBFF014724DB3DAB00890ADC /* Resources */ = {
			isa = PBXResourcesBuildPhase;
			buildActionMask = 2147483647;
			files = (
				DBFF015824DB3DAB00890ADC /* Main.storyboard in Resources */,
				DBFF015A24DB3DAE00890ADC /* Assets.xcassets in Resources */,
				DBFF015D24DB3DAE00890ADC /* LaunchScreen.storyboard in Resources */,
			);
			runOnlyForDeploymentPostprocessing = 0;
		};
/* End PBXResourcesBuildPhase section */

/* Begin PBXSourcesBuildPhase section */
		DBFF014524DB3DAB00890ADC /* Sources */ = {
			isa = PBXSourcesBuildPhase;
			buildActionMask = 2147483647;
			files = (
				DBFF017724DB3E4400890ADC /* SKSquare.swift in Sources */,
				DBFF015324DB3DAB00890ADC /* GameScene.swift in Sources */,
				DBFF017624DB3E4400890ADC /* SKMyCircle.swift in Sources */,
				DBFF017024DB3E4400890ADC /* ExtensionsGestureActions.swift in Sources */,
				DBFF017424DB3E4400890ADC /* SKManageableImageNode.swift in Sources */,
				DB716D4924DB46DE005D4600 /* Player.swift in Sources */,
				DBFF017124DB3E4400890ADC /* ExtensionsSKAction.swift in Sources */,
				2E1009DF24DB4ED800B322B4 /* Pin.swift in Sources */,
				DBFF015524DB3DAB00890ADC /* GameViewController.swift in Sources */,
				DBFF017324DB3E4400890ADC /* ProtocolsGestureActions.swift in Sources */,
				DBFF017B24DB3E9F00890ADC /* CodableExtensions.swift in Sources */,
				DBFF014D24DB3DAB00890ADC /* AppDelegate.swift in Sources */,
				DBFF017224DB3E4400890ADC /* HandledGestureSKScene.swift in Sources */,
				DBFF017524DB3E4400890ADC /* SKMoulding.swift in Sources */,
			);
			runOnlyForDeploymentPostprocessing = 0;
		};
/* End PBXSourcesBuildPhase section */

/* Begin PBXVariantGroup section */
		DBFF015624DB3DAB00890ADC /* Main.storyboard */ = {
			isa = PBXVariantGroup;
			children = (
				DBFF015724DB3DAB00890ADC /* Base */,
			);
			name = Main.storyboard;
			sourceTree = "<group>";
		};
		DBFF015B24DB3DAE00890ADC /* LaunchScreen.storyboard */ = {
			isa = PBXVariantGroup;
			children = (
				DBFF015C24DB3DAE00890ADC /* Base */,
			);
			name = LaunchScreen.storyboard;
			sourceTree = "<group>";
		};
/* End PBXVariantGroup section */

/* Begin XCBuildConfiguration section */
		DBFF015F24DB3DAE00890ADC /* Debug */ = {
			isa = XCBuildConfiguration;
			buildSettings = {
				ALWAYS_SEARCH_USER_PATHS = NO;
				CLANG_ANALYZER_NONNULL = YES;
				CLANG_ANALYZER_NUMBER_OBJECT_CONVERSION = YES_AGGRESSIVE;
				CLANG_CXX_LANGUAGE_STANDARD = "gnu++14";
				CLANG_CXX_LIBRARY = "libc++";
				CLANG_ENABLE_MODULES = YES;
				CLANG_ENABLE_OBJC_ARC = YES;
				CLANG_ENABLE_OBJC_WEAK = YES;
				CLANG_WARN_BLOCK_CAPTURE_AUTORELEASING = YES;
				CLANG_WARN_BOOL_CONVERSION = YES;
				CLANG_WARN_COMMA = YES;
				CLANG_WARN_CONSTANT_CONVERSION = YES;
				CLANG_WARN_DEPRECATED_OBJC_IMPLEMENTATIONS = YES;
				CLANG_WARN_DIRECT_OBJC_ISA_USAGE = YES_ERROR;
				CLANG_WARN_DOCUMENTATION_COMMENTS = YES;
				CLANG_WARN_EMPTY_BODY = YES;
				CLANG_WARN_ENUM_CONVERSION = YES;
				CLANG_WARN_INFINITE_RECURSION = YES;
				CLANG_WARN_INT_CONVERSION = YES;
				CLANG_WARN_NON_LITERAL_NULL_CONVERSION = YES;
				CLANG_WARN_OBJC_IMPLICIT_RETAIN_SELF = YES;
				CLANG_WARN_OBJC_LITERAL_CONVERSION = YES;
				CLANG_WARN_OBJC_ROOT_CLASS = YES_ERROR;
				CLANG_WARN_RANGE_LOOP_ANALYSIS = YES;
				CLANG_WARN_STRICT_PROTOTYPES = YES;
				CLANG_WARN_SUSPICIOUS_MOVE = YES;
				CLANG_WARN_UNGUARDED_AVAILABILITY = YES_AGGRESSIVE;
				CLANG_WARN_UNREACHABLE_CODE = YES;
				CLANG_WARN__DUPLICATE_METHOD_MATCH = YES;
				COPY_PHASE_STRIP = NO;
				DEBUG_INFORMATION_FORMAT = dwarf;
				ENABLE_STRICT_OBJC_MSGSEND = YES;
				ENABLE_TESTABILITY = YES;
				GCC_C_LANGUAGE_STANDARD = gnu11;
				GCC_DYNAMIC_NO_PIC = NO;
				GCC_NO_COMMON_BLOCKS = YES;
				GCC_OPTIMIZATION_LEVEL = 0;
				GCC_PREPROCESSOR_DEFINITIONS = (
					"DEBUG=1",
					"$(inherited)",
				);
				GCC_WARN_64_TO_32_BIT_CONVERSION = YES;
				GCC_WARN_ABOUT_RETURN_TYPE = YES_ERROR;
				GCC_WARN_UNDECLARED_SELECTOR = YES;
				GCC_WARN_UNINITIALIZED_AUTOS = YES_AGGRESSIVE;
				GCC_WARN_UNUSED_FUNCTION = YES;
				GCC_WARN_UNUSED_VARIABLE = YES;
				IPHONEOS_DEPLOYMENT_TARGET = 13.6;
				MTL_ENABLE_DEBUG_INFO = INCLUDE_SOURCE;
				MTL_FAST_MATH = YES;
				ONLY_ACTIVE_ARCH = YES;
				SDKROOT = iphoneos;
				SWIFT_ACTIVE_COMPILATION_CONDITIONS = DEBUG;
				SWIFT_OPTIMIZATION_LEVEL = "-Onone";
			};
			name = Debug;
		};
		DBFF016024DB3DAE00890ADC /* Release */ = {
			isa = XCBuildConfiguration;
			buildSettings = {
				ALWAYS_SEARCH_USER_PATHS = NO;
				CLANG_ANALYZER_NONNULL = YES;
				CLANG_ANALYZER_NUMBER_OBJECT_CONVERSION = YES_AGGRESSIVE;
				CLANG_CXX_LANGUAGE_STANDARD = "gnu++14";
				CLANG_CXX_LIBRARY = "libc++";
				CLANG_ENABLE_MODULES = YES;
				CLANG_ENABLE_OBJC_ARC = YES;
				CLANG_ENABLE_OBJC_WEAK = YES;
				CLANG_WARN_BLOCK_CAPTURE_AUTORELEASING = YES;
				CLANG_WARN_BOOL_CONVERSION = YES;
				CLANG_WARN_COMMA = YES;
				CLANG_WARN_CONSTANT_CONVERSION = YES;
				CLANG_WARN_DEPRECATED_OBJC_IMPLEMENTATIONS = YES;
				CLANG_WARN_DIRECT_OBJC_ISA_USAGE = YES_ERROR;
				CLANG_WARN_DOCUMENTATION_COMMENTS = YES;
				CLANG_WARN_EMPTY_BODY = YES;
				CLANG_WARN_ENUM_CONVERSION = YES;
				CLANG_WARN_INFINITE_RECURSION = YES;
				CLANG_WARN_INT_CONVERSION = YES;
				CLANG_WARN_NON_LITERAL_NULL_CONVERSION = YES;
				CLANG_WARN_OBJC_IMPLICIT_RETAIN_SELF = YES;
				CLANG_WARN_OBJC_LITERAL_CONVERSION = YES;
				CLANG_WARN_OBJC_ROOT_CLASS = YES_ERROR;
				CLANG_WARN_RANGE_LOOP_ANALYSIS = YES;
				CLANG_WARN_STRICT_PROTOTYPES = YES;
				CLANG_WARN_SUSPICIOUS_MOVE = YES;
				CLANG_WARN_UNGUARDED_AVAILABILITY = YES_AGGRESSIVE;
				CLANG_WARN_UNREACHABLE_CODE = YES;
				CLANG_WARN__DUPLICATE_METHOD_MATCH = YES;
				COPY_PHASE_STRIP = NO;
				DEBUG_INFORMATION_FORMAT = "dwarf-with-dsym";
				ENABLE_NS_ASSERTIONS = NO;
				ENABLE_STRICT_OBJC_MSGSEND = YES;
				GCC_C_LANGUAGE_STANDARD = gnu11;
				GCC_NO_COMMON_BLOCKS = YES;
				GCC_WARN_64_TO_32_BIT_CONVERSION = YES;
				GCC_WARN_ABOUT_RETURN_TYPE = YES_ERROR;
				GCC_WARN_UNDECLARED_SELECTOR = YES;
				GCC_WARN_UNINITIALIZED_AUTOS = YES_AGGRESSIVE;
				GCC_WARN_UNUSED_FUNCTION = YES;
				GCC_WARN_UNUSED_VARIABLE = YES;
				IPHONEOS_DEPLOYMENT_TARGET = 13.6;
				MTL_ENABLE_DEBUG_INFO = NO;
				MTL_FAST_MATH = YES;
				SDKROOT = iphoneos;
				SWIFT_COMPILATION_MODE = wholemodule;
				SWIFT_OPTIMIZATION_LEVEL = "-O";
				VALIDATE_PRODUCT = YES;
			};
			name = Release;
		};
		DBFF016224DB3DAE00890ADC /* Debug */ = {
			isa = XCBuildConfiguration;
			buildSettings = {
				ASSETCATALOG_COMPILER_APPICON_NAME = AppIcon;
				CODE_SIGN_STYLE = Automatic;
				DEVELOPMENT_TEAM = Z9QZ625W6Q;
				INFOPLIST_FILE = InvasaoAlienigena/Info.plist;
				LD_RUNPATH_SEARCH_PATHS = (
					"$(inherited)",
					"@executable_path/Frameworks",
				);
				PRODUCT_BUNDLE_IDENTIFIER = com.julianaprado.InvasaoAlienigena;
				PRODUCT_NAME = "$(TARGET_NAME)";
				SWIFT_VERSION = 5.0;
				TARGETED_DEVICE_FAMILY = 1;
			};
			name = Debug;
		};
		DBFF016324DB3DAE00890ADC /* Release */ = {
			isa = XCBuildConfiguration;
			buildSettings = {
				ASSETCATALOG_COMPILER_APPICON_NAME = AppIcon;
				CODE_SIGN_STYLE = Automatic;
				DEVELOPMENT_TEAM = Z9QZ625W6Q;
				INFOPLIST_FILE = InvasaoAlienigena/Info.plist;
				LD_RUNPATH_SEARCH_PATHS = (
					"$(inherited)",
					"@executable_path/Frameworks",
				);
				PRODUCT_BUNDLE_IDENTIFIER = com.julianaprado.InvasaoAlienigena;
				PRODUCT_NAME = "$(TARGET_NAME)";
				SWIFT_VERSION = 5.0;
				TARGETED_DEVICE_FAMILY = 1;
			};
			name = Release;
		};
/* End XCBuildConfiguration section */

/* Begin XCConfigurationList section */
		DBFF014424DB3DAB00890ADC /* Build configuration list for PBXProject "InvasaoAlienigena" */ = {
			isa = XCConfigurationList;
			buildConfigurations = (
				DBFF015F24DB3DAE00890ADC /* Debug */,
				DBFF016024DB3DAE00890ADC /* Release */,
			);
			defaultConfigurationIsVisible = 0;
			defaultConfigurationName = Release;
		};
		DBFF016124DB3DAE00890ADC /* Build configuration list for PBXNativeTarget "InvasaoAlienigena" */ = {
			isa = XCConfigurationList;
			buildConfigurations = (
				DBFF016224DB3DAE00890ADC /* Debug */,
				DBFF016324DB3DAE00890ADC /* Release */,
			);
			defaultConfigurationIsVisible = 0;
			defaultConfigurationName = Release;
		};
/* End XCConfigurationList section */
	};
	rootObject = DBFF014124DB3DAB00890ADC /* Project object */;
}
